{
  "name": "rally",
  "lockfileVersion": 2,
  "requires": true,
  "packages": {
    "": {
      "name": "rally",
      "dependencies": {
        "@manypkg/cli": "^0.19.2",
        "prettier": "^2.7.1"
      },
      "devDependencies": {
        "turbo": "^1.6.3"
      }
    },
    "node_modules/@babel/runtime": {
      "version": "7.19.0",
      "license": "MIT",
      "dependencies": {
        "regenerator-runtime": "^0.13.4"
      },
      "engines": {
        "node": ">=6.9.0"
      }
    },
    "node_modules/@changesets/types": {
      "version": "4.1.0",
      "license": "MIT"
    },
    "node_modules/@manypkg/cli": {
      "version": "0.19.2",
      "license": "MIT",
      "dependencies": {
        "@babel/runtime": "^7.5.5",
        "@manypkg/get-packages": "^1.1.3",
        "chalk": "^2.4.2",
        "detect-indent": "^6.0.0",
        "find-up": "^4.1.0",
        "fs-extra": "^8.1.0",
        "normalize-path": "^3.0.0",
        "p-limit": "^2.2.1",
        "package-json": "^6.5.0",
        "parse-github-url": "^1.0.2",
        "sembear": "^0.5.0",
        "semver": "^6.3.0",
        "spawndamnit": "^2.0.0",
        "validate-npm-package-name": "^3.0.0"
      },
      "bin": {
        "manypkg": "bin.js"
      }
    },
    "node_modules/@manypkg/cli/node_modules/ansi-styles": {
      "version": "3.2.1",
      "license": "MIT",
      "dependencies": {
        "color-convert": "^1.9.0"
      },
      "engines": {
        "node": ">=4"
      }
    },
    "node_modules/@manypkg/cli/node_modules/chalk": {
      "version": "2.4.2",
      "license": "MIT",
      "dependencies": {
        "ansi-styles": "^3.2.1",
        "escape-string-regexp": "^1.0.5",
        "supports-color": "^5.3.0"
      },
      "engines": {
        "node": ">=4"
      }
    },
    "node_modules/@manypkg/find-root": {
      "version": "1.1.0",
      "license": "MIT",
      "dependencies": {
        "@babel/runtime": "^7.5.5",
        "@types/node": "^12.7.1",
        "find-up": "^4.1.0",
        "fs-extra": "^8.1.0"
      }
    },
    "node_modules/@manypkg/find-root/node_modules/@types/node": {
      "version": "12.20.55",
      "license": "MIT"
    },
    "node_modules/@manypkg/get-packages": {
      "version": "1.1.3",
      "license": "MIT",
      "dependencies": {
        "@babel/runtime": "^7.5.5",
        "@changesets/types": "^4.0.1",
        "@manypkg/find-root": "^1.1.0",
        "fs-extra": "^8.1.0",
        "globby": "^11.0.0",
        "read-yaml-file": "^1.1.0"
      }
    },
    "node_modules/@nodelib/fs.scandir": {
      "version": "2.1.5",
      "license": "MIT",
      "dependencies": {
        "@nodelib/fs.stat": "2.0.5",
        "run-parallel": "^1.1.9"
      },
      "engines": {
        "node": ">= 8"
      }
    },
    "node_modules/@nodelib/fs.stat": {
      "version": "2.0.5",
      "license": "MIT",
      "engines": {
        "node": ">= 8"
      }
    },
    "node_modules/@nodelib/fs.walk": {
      "version": "1.2.8",
      "license": "MIT",
      "dependencies": {
        "@nodelib/fs.scandir": "2.1.5",
        "fastq": "^1.6.0"
      },
      "engines": {
        "node": ">= 8"
      }
    },
    "node_modules/@sindresorhus/is": {
      "version": "0.14.0",
      "license": "MIT",
      "engines": {
        "node": ">=6"
      }
    },
    "node_modules/@szmarczak/http-timer": {
      "version": "1.1.2",
      "license": "MIT",
      "dependencies": {
        "defer-to-connect": "^1.0.1"
      },
      "engines": {
        "node": ">=6"
      }
    },
    "node_modules/@types/semver": {
      "version": "6.2.3",
      "license": "MIT"
    },
    "node_modules/argparse": {
      "version": "1.0.10",
      "license": "MIT",
      "dependencies": {
        "sprintf-js": "~1.0.2"
      }
    },
    "node_modules/array-union": {
      "version": "2.1.0",
      "license": "MIT",
      "engines": {
        "node": ">=8"
      }
    },
    "node_modules/braces": {
      "version": "3.0.2",
      "license": "MIT",
      "dependencies": {
        "fill-range": "^7.0.1"
      },
      "engines": {
        "node": ">=8"
      }
    },
    "node_modules/builtins": {
      "version": "1.0.3",
      "license": "MIT"
    },
    "node_modules/cacheable-request": {
      "version": "6.1.0",
      "license": "MIT",
      "dependencies": {
        "clone-response": "^1.0.2",
        "get-stream": "^5.1.0",
        "http-cache-semantics": "^4.0.0",
        "keyv": "^3.0.0",
        "lowercase-keys": "^2.0.0",
        "normalize-url": "^4.1.0",
        "responselike": "^1.0.2"
      },
      "engines": {
        "node": ">=8"
      }
    },
    "node_modules/cacheable-request/node_modules/lowercase-keys": {
      "version": "2.0.0",
      "license": "MIT",
      "engines": {
        "node": ">=8"
      }
    },
    "node_modules/clone-response": {
      "version": "1.0.3",
      "license": "MIT",
      "dependencies": {
        "mimic-response": "^1.0.0"
      },
      "funding": {
        "url": "https://github.com/sponsors/sindresorhus"
      }
    },
    "node_modules/color-convert": {
      "version": "1.9.3",
      "license": "MIT",
      "dependencies": {
        "color-name": "1.1.3"
      }
    },
    "node_modules/color-convert/node_modules/color-name": {
      "version": "1.1.3",
      "license": "MIT"
    },
    "node_modules/decompress-response": {
      "version": "3.3.0",
      "license": "MIT",
      "dependencies": {
        "mimic-response": "^1.0.0"
      },
      "engines": {
        "node": ">=4"
      }
    },
    "node_modules/deep-extend": {
      "version": "0.6.0",
      "license": "MIT",
      "engines": {
        "node": ">=4.0.0"
      }
    },
    "node_modules/defer-to-connect": {
      "version": "1.1.3",
      "license": "MIT"
    },
    "node_modules/detect-indent": {
      "version": "6.1.0",
      "license": "MIT",
      "engines": {
        "node": ">=8"
      }
    },
    "node_modules/dir-glob": {
      "version": "3.0.1",
      "license": "MIT",
      "dependencies": {
        "path-type": "^4.0.0"
      },
      "engines": {
        "node": ">=8"
      }
    },
    "node_modules/duplexer3": {
      "version": "0.1.5",
      "license": "BSD-3-Clause"
    },
    "node_modules/end-of-stream": {
      "version": "1.4.4",
      "license": "MIT",
      "dependencies": {
        "once": "^1.4.0"
      }
    },
    "node_modules/escape-string-regexp": {
      "version": "1.0.5",
      "license": "MIT",
      "engines": {
        "node": ">=0.8.0"
      }
    },
    "node_modules/esprima": {
      "version": "4.0.1",
      "license": "BSD-2-Clause",
      "bin": {
        "esparse": "bin/esparse.js",
        "esvalidate": "bin/esvalidate.js"
      },
      "engines": {
        "node": ">=4"
      }
    },
    "node_modules/fast-glob": {
      "version": "3.2.12",
      "license": "MIT",
      "dependencies": {
        "@nodelib/fs.stat": "^2.0.2",
        "@nodelib/fs.walk": "^1.2.3",
        "glob-parent": "^5.1.2",
        "merge2": "^1.3.0",
        "micromatch": "^4.0.4"
      },
      "engines": {
        "node": ">=8.6.0"
      }
    },
    "node_modules/fastq": {
      "version": "1.13.0",
      "license": "ISC",
      "dependencies": {
        "reusify": "^1.0.4"
      }
    },
    "node_modules/fill-range": {
      "version": "7.0.1",
      "license": "MIT",
      "dependencies": {
        "to-regex-range": "^5.0.1"
      },
      "engines": {
        "node": ">=8"
      }
    },
    "node_modules/find-up": {
      "version": "4.1.0",
      "license": "MIT",
      "dependencies": {
        "locate-path": "^5.0.0",
        "path-exists": "^4.0.0"
      },
      "engines": {
        "node": ">=8"
      }
    },
    "node_modules/fs-extra": {
      "version": "8.1.0",
      "license": "MIT",
      "dependencies": {
        "graceful-fs": "^4.2.0",
        "jsonfile": "^4.0.0",
        "universalify": "^0.1.0"
      },
      "engines": {
        "node": ">=6 <7 || >=8"
      }
    },
    "node_modules/get-stream": {
      "version": "5.2.0",
      "license": "MIT",
      "dependencies": {
        "pump": "^3.0.0"
      },
      "engines": {
        "node": ">=8"
      },
      "funding": {
        "url": "https://github.com/sponsors/sindresorhus"
      }
    },
    "node_modules/glob-parent": {
      "version": "5.1.2",
      "license": "ISC",
      "dependencies": {
        "is-glob": "^4.0.1"
      },
      "engines": {
        "node": ">= 6"
      }
    },
    "node_modules/globby": {
      "version": "11.1.0",
      "license": "MIT",
      "dependencies": {
        "array-union": "^2.1.0",
        "dir-glob": "^3.0.1",
        "fast-glob": "^3.2.9",
        "ignore": "^5.2.0",
        "merge2": "^1.4.1",
        "slash": "^3.0.0"
      },
      "engines": {
        "node": ">=10"
      },
      "funding": {
        "url": "https://github.com/sponsors/sindresorhus"
      }
    },
    "node_modules/got": {
      "version": "9.6.0",
      "license": "MIT",
      "dependencies": {
        "@sindresorhus/is": "^0.14.0",
        "@szmarczak/http-timer": "^1.1.2",
        "cacheable-request": "^6.0.0",
        "decompress-response": "^3.3.0",
        "duplexer3": "^0.1.4",
        "get-stream": "^4.1.0",
        "lowercase-keys": "^1.0.1",
        "mimic-response": "^1.0.1",
        "p-cancelable": "^1.0.0",
        "to-readable-stream": "^1.0.0",
        "url-parse-lax": "^3.0.0"
      },
      "engines": {
        "node": ">=8.6"
      }
    },
    "node_modules/got/node_modules/get-stream": {
      "version": "4.1.0",
      "license": "MIT",
      "dependencies": {
        "pump": "^3.0.0"
      },
      "engines": {
        "node": ">=6"
      }
    },
    "node_modules/graceful-fs": {
      "version": "4.2.10",
      "license": "ISC"
    },
    "node_modules/has-flag": {
      "version": "3.0.0",
      "license": "MIT",
      "engines": {
        "node": ">=4"
      }
    },
    "node_modules/http-cache-semantics": {
      "version": "4.1.0",
      "license": "BSD-2-Clause"
    },
    "node_modules/ignore": {
      "version": "5.2.0",
      "license": "MIT",
      "engines": {
        "node": ">= 4"
      }
    },
    "node_modules/ini": {
      "version": "1.3.8",
      "license": "ISC"
    },
    "node_modules/is-extglob": {
      "version": "2.1.1",
      "license": "MIT",
      "engines": {
        "node": ">=0.10.0"
      }
    },
    "node_modules/is-glob": {
      "version": "4.0.3",
      "license": "MIT",
      "dependencies": {
        "is-extglob": "^2.1.1"
      },
      "engines": {
        "node": ">=0.10.0"
      }
    },
    "node_modules/is-number": {
      "version": "7.0.0",
      "license": "MIT",
      "engines": {
        "node": ">=0.12.0"
      }
    },
    "node_modules/isexe": {
      "version": "2.0.0",
      "license": "ISC"
    },
    "node_modules/js-yaml": {
      "version": "3.14.1",
      "license": "MIT",
      "dependencies": {
        "argparse": "^1.0.7",
        "esprima": "^4.0.0"
      },
      "bin": {
        "js-yaml": "bin/js-yaml.js"
      }
    },
    "node_modules/json-buffer": {
      "version": "3.0.0",
      "license": "MIT"
    },
    "node_modules/jsonfile": {
      "version": "4.0.0",
      "license": "MIT",
      "optionalDependencies": {
        "graceful-fs": "^4.1.6"
      }
    },
    "node_modules/keyv": {
      "version": "3.1.0",
      "license": "MIT",
      "dependencies": {
        "json-buffer": "3.0.0"
      }
    },
    "node_modules/locate-path": {
      "version": "5.0.0",
      "license": "MIT",
      "dependencies": {
        "p-locate": "^4.1.0"
      },
      "engines": {
        "node": ">=8"
      }
    },
    "node_modules/lowercase-keys": {
      "version": "1.0.1",
      "license": "MIT",
      "engines": {
        "node": ">=0.10.0"
      }
    },
    "node_modules/merge2": {
      "version": "1.4.1",
      "license": "MIT",
      "engines": {
        "node": ">= 8"
      }
    },
    "node_modules/micromatch": {
      "version": "4.0.5",
      "license": "MIT",
      "dependencies": {
        "braces": "^3.0.2",
        "picomatch": "^2.3.1"
      },
      "engines": {
        "node": ">=8.6"
      }
    },
    "node_modules/mimic-response": {
      "version": "1.0.1",
      "license": "MIT",
      "engines": {
        "node": ">=4"
      }
    },
    "node_modules/minimist": {
      "version": "1.2.6",
      "license": "MIT"
    },
    "node_modules/normalize-path": {
      "version": "3.0.0",
      "license": "MIT",
      "engines": {
        "node": ">=0.10.0"
      }
    },
    "node_modules/normalize-url": {
      "version": "4.5.1",
      "license": "MIT",
      "engines": {
        "node": ">=8"
      }
    },
    "node_modules/once": {
      "version": "1.4.0",
      "license": "ISC",
      "dependencies": {
        "wrappy": "1"
      }
    },
    "node_modules/p-cancelable": {
      "version": "1.1.0",
      "license": "MIT",
      "engines": {
        "node": ">=6"
      }
    },
    "node_modules/p-limit": {
      "version": "2.3.0",
      "license": "MIT",
      "dependencies": {
        "p-try": "^2.0.0"
      },
      "engines": {
        "node": ">=6"
      },
      "funding": {
        "url": "https://github.com/sponsors/sindresorhus"
      }
    },
    "node_modules/p-locate": {
      "version": "4.1.0",
      "license": "MIT",
      "dependencies": {
        "p-limit": "^2.2.0"
      },
      "engines": {
        "node": ">=8"
      }
    },
    "node_modules/p-try": {
      "version": "2.2.0",
      "license": "MIT",
      "engines": {
        "node": ">=6"
      }
    },
    "node_modules/package-json": {
      "version": "6.5.0",
      "license": "MIT",
      "dependencies": {
        "got": "^9.6.0",
        "registry-auth-token": "^4.0.0",
        "registry-url": "^5.0.0",
        "semver": "^6.2.0"
      },
      "engines": {
        "node": ">=8"
      }
    },
    "node_modules/parse-github-url": {
      "version": "1.0.2",
      "license": "MIT",
      "bin": {
        "parse-github-url": "cli.js"
      },
      "engines": {
        "node": ">=0.10.0"
      }
    },
    "node_modules/path-exists": {
      "version": "4.0.0",
      "license": "MIT",
      "engines": {
        "node": ">=8"
      }
    },
    "node_modules/path-type": {
      "version": "4.0.0",
      "license": "MIT",
      "engines": {
        "node": ">=8"
      }
    },
    "node_modules/picomatch": {
      "version": "2.3.1",
      "license": "MIT",
      "engines": {
        "node": ">=8.6"
      },
      "funding": {
        "url": "https://github.com/sponsors/jonschlinkert"
      }
    },
    "node_modules/pify": {
      "version": "4.0.1",
      "license": "MIT",
      "engines": {
        "node": ">=6"
      }
    },
    "node_modules/prepend-http": {
      "version": "2.0.0",
      "license": "MIT",
      "engines": {
        "node": ">=4"
      }
    },
    "node_modules/prettier": {
      "version": "2.7.1",
      "license": "MIT",
      "bin": {
        "prettier": "bin-prettier.js"
      },
      "engines": {
        "node": ">=10.13.0"
      },
      "funding": {
        "url": "https://github.com/prettier/prettier?sponsor=1"
      }
    },
    "node_modules/pseudomap": {
      "version": "1.0.2",
      "license": "ISC"
    },
    "node_modules/pump": {
      "version": "3.0.0",
      "license": "MIT",
      "dependencies": {
        "end-of-stream": "^1.1.0",
        "once": "^1.3.1"
      }
    },
    "node_modules/queue-microtask": {
      "version": "1.2.3",
      "funding": [
        {
          "type": "github",
          "url": "https://github.com/sponsors/feross"
        },
        {
          "type": "patreon",
          "url": "https://www.patreon.com/feross"
        },
        {
          "type": "consulting",
          "url": "https://feross.org/support"
        }
      ],
      "license": "MIT"
    },
    "node_modules/rc": {
      "version": "1.2.8",
      "license": "(BSD-2-Clause OR MIT OR Apache-2.0)",
      "dependencies": {
        "deep-extend": "^0.6.0",
        "ini": "~1.3.0",
        "minimist": "^1.2.0",
        "strip-json-comments": "~2.0.1"
      },
      "bin": {
        "rc": "cli.js"
      }
    },
    "node_modules/rc/node_modules/strip-json-comments": {
      "version": "2.0.1",
      "license": "MIT",
      "engines": {
        "node": ">=0.10.0"
      }
    },
    "node_modules/read-yaml-file": {
      "version": "1.1.0",
      "license": "MIT",
      "dependencies": {
        "graceful-fs": "^4.1.5",
        "js-yaml": "^3.6.1",
        "pify": "^4.0.1",
        "strip-bom": "^3.0.0"
      },
      "engines": {
        "node": ">=6"
      }
    },
    "node_modules/regenerator-runtime": {
      "version": "0.13.9",
      "license": "MIT"
    },
    "node_modules/registry-auth-token": {
      "version": "4.2.2",
      "license": "MIT",
      "dependencies": {
        "rc": "1.2.8"
      },
      "engines": {
        "node": ">=6.0.0"
      }
    },
    "node_modules/registry-url": {
      "version": "5.1.0",
      "license": "MIT",
      "dependencies": {
        "rc": "^1.2.8"
      },
      "engines": {
        "node": ">=8"
      }
    },
    "node_modules/responselike": {
      "version": "1.0.2",
      "license": "MIT",
      "dependencies": {
        "lowercase-keys": "^1.0.0"
      }
    },
    "node_modules/reusify": {
      "version": "1.0.4",
      "license": "MIT",
      "engines": {
        "iojs": ">=1.0.0",
        "node": ">=0.10.0"
      }
    },
    "node_modules/run-parallel": {
      "version": "1.2.0",
      "funding": [
        {
          "type": "github",
          "url": "https://github.com/sponsors/feross"
        },
        {
          "type": "patreon",
          "url": "https://www.patreon.com/feross"
        },
        {
          "type": "consulting",
          "url": "https://feross.org/support"
        }
      ],
      "license": "MIT",
      "dependencies": {
        "queue-microtask": "^1.2.2"
      }
    },
    "node_modules/sembear": {
      "version": "0.5.2",
      "license": "MIT",
      "dependencies": {
        "@types/semver": "^6.0.1",
        "semver": "^6.3.0"
      }
    },
    "node_modules/semver": {
      "version": "6.3.0",
      "license": "ISC",
      "bin": {
        "semver": "bin/semver.js"
      }
    },
    "node_modules/shebang-command": {
      "version": "1.2.0",
      "license": "MIT",
      "dependencies": {
        "shebang-regex": "^1.0.0"
      },
      "engines": {
        "node": ">=0.10.0"
      }
    },
    "node_modules/shebang-regex": {
      "version": "1.0.0",
      "license": "MIT",
      "engines": {
        "node": ">=0.10.0"
      }
    },
    "node_modules/signal-exit": {
      "version": "3.0.7",
      "license": "ISC"
    },
    "node_modules/slash": {
      "version": "3.0.0",
      "license": "MIT",
      "engines": {
        "node": ">=8"
      }
    },
    "node_modules/spawndamnit": {
      "version": "2.0.0",
      "license": "MIT",
      "dependencies": {
        "cross-spawn": "^5.1.0",
        "signal-exit": "^3.0.2"
      }
    },
    "node_modules/spawndamnit/node_modules/cross-spawn": {
      "version": "5.1.0",
      "license": "MIT",
      "dependencies": {
        "lru-cache": "^4.0.1",
        "shebang-command": "^1.2.0",
        "which": "^1.2.9"
      }
    },
    "node_modules/spawndamnit/node_modules/lru-cache": {
      "version": "4.1.5",
      "license": "ISC",
      "dependencies": {
        "pseudomap": "^1.0.2",
        "yallist": "^2.1.2"
      }
    },
    "node_modules/sprintf-js": {
      "version": "1.0.3",
      "license": "BSD-3-Clause"
    },
    "node_modules/strip-bom": {
      "version": "3.0.0",
      "license": "MIT",
      "engines": {
        "node": ">=4"
      }
    },
    "node_modules/supports-color": {
      "version": "5.5.0",
      "license": "MIT",
      "dependencies": {
        "has-flag": "^3.0.0"
      },
      "engines": {
        "node": ">=4"
      }
    },
    "node_modules/to-readable-stream": {
      "version": "1.0.0",
      "license": "MIT",
      "engines": {
        "node": ">=6"
      }
    },
    "node_modules/to-regex-range": {
      "version": "5.0.1",
      "license": "MIT",
      "dependencies": {
        "is-number": "^7.0.0"
      },
      "engines": {
        "node": ">=8.0"
      }
    },
    "node_modules/turbo": {
      "version": "1.6.3",
      "resolved": "https://registry.npmjs.org/turbo/-/turbo-1.6.3.tgz",
      "integrity": "sha512-FtfhJLmEEtHveGxW4Ye/QuY85AnZ2ZNVgkTBswoap7UMHB1+oI4diHPNyqrQLG4K1UFtCkjOlVoLsllUh/9QRw==",
      "dev": true,
      "hasInstallScript": true,
      "bin": {
        "turbo": "bin/turbo"
      },
      "optionalDependencies": {
        "turbo-darwin-64": "1.6.3",
        "turbo-darwin-arm64": "1.6.3",
        "turbo-linux-64": "1.6.3",
        "turbo-linux-arm64": "1.6.3",
        "turbo-windows-64": "1.6.3",
        "turbo-windows-arm64": "1.6.3"
      }
    },
    "node_modules/turbo-darwin-64": {
      "version": "1.6.3",
      "resolved": "https://registry.npmjs.org/turbo-darwin-64/-/turbo-darwin-64-1.6.3.tgz",
      "integrity": "sha512-QmDIX0Yh1wYQl0bUS0gGWwNxpJwrzZU2GIAYt3aOKoirWA2ecnyb3R6ludcS1znfNV2MfunP+l8E3ncxUHwtjA==",
      "cpu": [
        "x64"
      ],
      "dev": true,
      "optional": true,
      "os": [
        "darwin"
      ]
    },
    "node_modules/turbo-darwin-arm64": {
      "version": "1.6.3",
      "resolved": "https://registry.npmjs.org/turbo-darwin-arm64/-/turbo-darwin-arm64-1.6.3.tgz",
      "integrity": "sha512-75DXhFpwE7CinBbtxTxH08EcWrxYSPFow3NaeFwsG8aymkWXF+U2aukYHJA6I12n9/dGqf7yRXzkF0S/9UtdyQ==",
      "cpu": [
        "arm64"
      ],
      "dev": true,
      "optional": true,
      "os": [
        "darwin"
      ]
    },
    "node_modules/turbo-linux-64": {
      "version": "1.6.3",
      "resolved": "https://registry.npmjs.org/turbo-linux-64/-/turbo-linux-64-1.6.3.tgz",
      "integrity": "sha512-O9uc6J0yoRPWdPg9THRQi69K6E2iZ98cRHNvus05lZbcPzZTxJYkYGb5iagCmCW/pq6fL4T4oLWAd6evg2LGQA==",
      "cpu": [
        "x64"
      ],
      "dev": true,
      "optional": true,
      "os": [
        "linux"
      ]
    },
    "node_modules/turbo-linux-arm64": {
      "version": "1.6.3",
      "resolved": "https://registry.npmjs.org/turbo-linux-arm64/-/turbo-linux-arm64-1.6.3.tgz",
      "integrity": "sha512-dCy667qqEtZIhulsRTe8hhWQNCJO0i20uHXv7KjLHuFZGCeMbWxB8rsneRoY+blf8+QNqGuXQJxak7ayjHLxiA==",
      "cpu": [
        "arm64"
      ],
      "dev": true,
      "optional": true,
      "os": [
        "linux"
      ]
    },
    "node_modules/turbo-windows-64": {
      "version": "1.6.3",
      "resolved": "https://registry.npmjs.org/turbo-windows-64/-/turbo-windows-64-1.6.3.tgz",
      "integrity": "sha512-lKRqwL3mrVF09b9KySSaOwetehmGknV9EcQTF7d2dxngGYYX1WXoQLjFP9YYH8ZV07oPm+RUOAKSCQuDuMNhiA==",
      "cpu": [
        "x64"
      ],
      "dev": true,
      "optional": true,
      "os": [
        "win32"
      ]
    },
    "node_modules/turbo-windows-arm64": {
      "version": "1.6.3",
      "resolved": "https://registry.npmjs.org/turbo-windows-arm64/-/turbo-windows-arm64-1.6.3.tgz",
      "integrity": "sha512-BXY1sDPEA1DgPwuENvDCD8B7Hb0toscjus941WpL8CVd10hg9pk/MWn9CNgwDO5Q9ks0mw+liDv2EMnleEjeNA==",
      "cpu": [
        "arm64"
      ],
      "dev": true,
      "optional": true,
      "os": [
        "win32"
      ]
    },
    "node_modules/universalify": {
      "version": "0.1.2",
      "license": "MIT",
      "engines": {
        "node": ">= 4.0.0"
      }
    },
    "node_modules/url-parse-lax": {
      "version": "3.0.0",
      "license": "MIT",
      "dependencies": {
        "prepend-http": "^2.0.0"
      },
      "engines": {
        "node": ">=4"
      }
    },
    "node_modules/validate-npm-package-name": {
      "version": "3.0.0",
      "license": "ISC",
      "dependencies": {
        "builtins": "^1.0.3"
      }
    },
    "node_modules/which": {
      "version": "1.3.1",
      "license": "ISC",
      "dependencies": {
        "isexe": "^2.0.0"
      },
      "bin": {
        "which": "bin/which"
      }
    },
    "node_modules/wrappy": {
      "version": "1.0.2",
      "license": "ISC"
    },
    "node_modules/yallist": {
      "version": "2.1.2",
      "license": "ISC"
    }
  },
  "dependencies": {
    "@babel/runtime": {
      "version": "7.19.0",
      "requires": {
        "regenerator-runtime": "^0.13.4"
      }
    },
    "@changesets/types": {
      "version": "4.1.0"
    },
    "@manypkg/cli": {
      "version": "0.19.2",
      "requires": {
        "@babel/runtime": "^7.5.5",
        "@manypkg/get-packages": "^1.1.3",
        "chalk": "^2.4.2",
        "detect-indent": "^6.0.0",
        "find-up": "^4.1.0",
        "fs-extra": "^8.1.0",
        "normalize-path": "^3.0.0",
        "p-limit": "^2.2.1",
        "package-json": "^6.5.0",
        "parse-github-url": "^1.0.2",
        "sembear": "^0.5.0",
        "semver": "^6.3.0",
        "spawndamnit": "^2.0.0",
        "validate-npm-package-name": "^3.0.0"
      },
      "dependencies": {
        "ansi-styles": {
          "version": "3.2.1",
          "requires": {
            "color-convert": "^1.9.0"
          }
        },
        "chalk": {
          "version": "2.4.2",
          "requires": {
            "ansi-styles": "^3.2.1",
            "escape-string-regexp": "^1.0.5",
            "supports-color": "^5.3.0"
          }
        }
      }
    },
    "@manypkg/find-root": {
      "version": "1.1.0",
      "requires": {
        "@babel/runtime": "^7.5.5",
        "@types/node": "^12.7.1",
        "find-up": "^4.1.0",
        "fs-extra": "^8.1.0"
      },
      "dependencies": {
        "@types/node": {
          "version": "12.20.55"
        }
      }
    },
    "@manypkg/get-packages": {
      "version": "1.1.3",
      "requires": {
        "@babel/runtime": "^7.5.5",
        "@changesets/types": "^4.0.1",
        "@manypkg/find-root": "^1.1.0",
        "fs-extra": "^8.1.0",
        "globby": "^11.0.0",
        "read-yaml-file": "^1.1.0"
      }
    },
    "@nodelib/fs.scandir": {
      "version": "2.1.5",
      "requires": {
        "@nodelib/fs.stat": "2.0.5",
        "run-parallel": "^1.1.9"
      }
    },
    "@nodelib/fs.stat": {
      "version": "2.0.5"
    },
    "@nodelib/fs.walk": {
      "version": "1.2.8",
      "requires": {
        "@nodelib/fs.scandir": "2.1.5",
        "fastq": "^1.6.0"
      }
    },
    "@sindresorhus/is": {
      "version": "0.14.0"
    },
    "@szmarczak/http-timer": {
      "version": "1.1.2",
      "requires": {
        "defer-to-connect": "^1.0.1"
      }
    },
    "@types/semver": {
      "version": "6.2.3"
    },
    "argparse": {
      "version": "1.0.10",
      "requires": {
        "sprintf-js": "~1.0.2"
      }
    },
    "array-union": {
      "version": "2.1.0"
    },
    "braces": {
      "version": "3.0.2",
      "requires": {
        "fill-range": "^7.0.1"
      }
    },
    "builtins": {
      "version": "1.0.3"
    },
    "cacheable-request": {
      "version": "6.1.0",
      "requires": {
        "clone-response": "^1.0.2",
        "get-stream": "^5.1.0",
        "http-cache-semantics": "^4.0.0",
        "keyv": "^3.0.0",
        "lowercase-keys": "^2.0.0",
        "normalize-url": "^4.1.0",
        "responselike": "^1.0.2"
      },
      "dependencies": {
        "lowercase-keys": {
          "version": "2.0.0"
        }
      }
    },
    "clone-response": {
      "version": "1.0.3",
      "requires": {
        "mimic-response": "^1.0.0"
      }
    },
    "color-convert": {
      "version": "1.9.3",
      "requires": {
        "color-name": "1.1.3"
      },
      "dependencies": {
        "color-name": {
          "version": "1.1.3"
        }
      }
    },
    "decompress-response": {
      "version": "3.3.0",
      "requires": {
        "mimic-response": "^1.0.0"
      }
    },
    "deep-extend": {
      "version": "0.6.0"
    },
    "defer-to-connect": {
      "version": "1.1.3"
    },
    "detect-indent": {
      "version": "6.1.0"
    },
    "dir-glob": {
      "version": "3.0.1",
      "requires": {
        "path-type": "^4.0.0"
      }
    },
    "duplexer3": {
      "version": "0.1.5"
    },
    "end-of-stream": {
      "version": "1.4.4",
      "requires": {
        "once": "^1.4.0"
      }
    },
    "escape-string-regexp": {
      "version": "1.0.5"
    },
    "esprima": {
      "version": "4.0.1"
    },
    "fast-glob": {
      "version": "3.2.12",
      "requires": {
        "@nodelib/fs.stat": "^2.0.2",
        "@nodelib/fs.walk": "^1.2.3",
        "glob-parent": "^5.1.2",
        "merge2": "^1.3.0",
        "micromatch": "^4.0.4"
      }
    },
    "fastq": {
      "version": "1.13.0",
      "requires": {
        "reusify": "^1.0.4"
      }
    },
    "fill-range": {
      "version": "7.0.1",
      "requires": {
        "to-regex-range": "^5.0.1"
      }
    },
    "find-up": {
      "version": "4.1.0",
      "requires": {
        "locate-path": "^5.0.0",
        "path-exists": "^4.0.0"
      }
    },
    "fs-extra": {
      "version": "8.1.0",
      "requires": {
        "graceful-fs": "^4.2.0",
        "jsonfile": "^4.0.0",
        "universalify": "^0.1.0"
      }
    },
    "get-stream": {
      "version": "5.2.0",
      "requires": {
        "pump": "^3.0.0"
      }
    },
    "glob-parent": {
      "version": "5.1.2",
      "requires": {
        "is-glob": "^4.0.1"
      }
    },
    "globby": {
      "version": "11.1.0",
      "requires": {
        "array-union": "^2.1.0",
        "dir-glob": "^3.0.1",
        "fast-glob": "^3.2.9",
        "ignore": "^5.2.0",
        "merge2": "^1.4.1",
        "slash": "^3.0.0"
      }
    },
    "got": {
      "version": "9.6.0",
      "requires": {
        "@sindresorhus/is": "^0.14.0",
        "@szmarczak/http-timer": "^1.1.2",
        "cacheable-request": "^6.0.0",
        "decompress-response": "^3.3.0",
        "duplexer3": "^0.1.4",
        "get-stream": "^4.1.0",
        "lowercase-keys": "^1.0.1",
        "mimic-response": "^1.0.1",
        "p-cancelable": "^1.0.0",
        "to-readable-stream": "^1.0.0",
        "url-parse-lax": "^3.0.0"
      },
      "dependencies": {
        "get-stream": {
          "version": "4.1.0",
          "requires": {
            "pump": "^3.0.0"
          }
        }
      }
    },
    "graceful-fs": {
      "version": "4.2.10"
    },
    "has-flag": {
      "version": "3.0.0"
    },
    "http-cache-semantics": {
      "version": "4.1.0"
    },
    "ignore": {
      "version": "5.2.0"
    },
    "ini": {
      "version": "1.3.8"
    },
    "is-extglob": {
      "version": "2.1.1"
    },
    "is-glob": {
      "version": "4.0.3",
      "requires": {
        "is-extglob": "^2.1.1"
      }
    },
    "is-number": {
      "version": "7.0.0"
    },
    "isexe": {
      "version": "2.0.0"
    },
    "js-yaml": {
      "version": "3.14.1",
      "requires": {
        "argparse": "^1.0.7",
        "esprima": "^4.0.0"
      }
    },
    "json-buffer": {
      "version": "3.0.0"
    },
    "jsonfile": {
      "version": "4.0.0",
      "requires": {
        "graceful-fs": "^4.1.6"
      }
    },
    "keyv": {
      "version": "3.1.0",
      "requires": {
        "json-buffer": "3.0.0"
      }
    },
    "locate-path": {
      "version": "5.0.0",
      "requires": {
        "p-locate": "^4.1.0"
      }
    },
    "lowercase-keys": {
      "version": "1.0.1"
    },
    "merge2": {
      "version": "1.4.1"
    },
    "micromatch": {
      "version": "4.0.5",
      "requires": {
        "braces": "^3.0.2",
        "picomatch": "^2.3.1"
      }
    },
    "mimic-response": {
      "version": "1.0.1"
    },
    "minimist": {
      "version": "1.2.6"
    },
    "normalize-path": {
      "version": "3.0.0"
    },
    "normalize-url": {
      "version": "4.5.1"
    },
    "once": {
      "version": "1.4.0",
      "requires": {
        "wrappy": "1"
      }
    },
    "p-cancelable": {
      "version": "1.1.0"
    },
    "p-limit": {
      "version": "2.3.0",
      "requires": {
        "p-try": "^2.0.0"
      }
    },
    "p-locate": {
      "version": "4.1.0",
      "requires": {
        "p-limit": "^2.2.0"
      }
    },
    "p-try": {
      "version": "2.2.0"
    },
    "package-json": {
      "version": "6.5.0",
      "requires": {
        "got": "^9.6.0",
        "registry-auth-token": "^4.0.0",
        "registry-url": "^5.0.0",
        "semver": "^6.2.0"
      }
    },
    "parse-github-url": {
      "version": "1.0.2"
    },
    "path-exists": {
      "version": "4.0.0"
    },
    "path-type": {
      "version": "4.0.0"
    },
    "picomatch": {
      "version": "2.3.1"
    },
    "pify": {
      "version": "4.0.1"
    },
    "prepend-http": {
      "version": "2.0.0"
    },
    "prettier": {
      "version": "2.7.1"
    },
    "pseudomap": {
      "version": "1.0.2"
    },
    "pump": {
      "version": "3.0.0",
      "requires": {
        "end-of-stream": "^1.1.0",
        "once": "^1.3.1"
      }
    },
    "queue-microtask": {
      "version": "1.2.3"
    },
    "rc": {
      "version": "1.2.8",
      "requires": {
        "deep-extend": "^0.6.0",
        "ini": "~1.3.0",
        "minimist": "^1.2.0",
        "strip-json-comments": "~2.0.1"
      },
      "dependencies": {
        "strip-json-comments": {
          "version": "2.0.1"
        }
      }
    },
    "read-yaml-file": {
      "version": "1.1.0",
      "requires": {
        "graceful-fs": "^4.1.5",
        "js-yaml": "^3.6.1",
        "pify": "^4.0.1",
        "strip-bom": "^3.0.0"
      }
    },
    "regenerator-runtime": {
      "version": "0.13.9"
    },
    "registry-auth-token": {
      "version": "4.2.2",
      "requires": {
        "rc": "1.2.8"
      }
    },
    "registry-url": {
      "version": "5.1.0",
      "requires": {
        "rc": "^1.2.8"
      }
    },
    "responselike": {
      "version": "1.0.2",
      "requires": {
        "lowercase-keys": "^1.0.0"
      }
    },
    "reusify": {
      "version": "1.0.4"
    },
    "run-parallel": {
      "version": "1.2.0",
      "requires": {
        "queue-microtask": "^1.2.2"
      }
    },
    "sembear": {
      "version": "0.5.2",
      "requires": {
        "@types/semver": "^6.0.1",
        "semver": "^6.3.0"
      }
    },
    "semver": {
      "version": "6.3.0"
    },
    "shebang-command": {
      "version": "1.2.0",
      "requires": {
        "shebang-regex": "^1.0.0"
      }
    },
    "shebang-regex": {
      "version": "1.0.0"
    },
    "signal-exit": {
      "version": "3.0.7"
    },
    "slash": {
      "version": "3.0.0"
    },
    "spawndamnit": {
      "version": "2.0.0",
      "requires": {
        "cross-spawn": "^5.1.0",
        "signal-exit": "^3.0.2"
      },
      "dependencies": {
        "cross-spawn": {
          "version": "5.1.0",
          "requires": {
            "lru-cache": "^4.0.1",
            "shebang-command": "^1.2.0",
            "which": "^1.2.9"
          }
        },
        "lru-cache": {
          "version": "4.1.5",
          "requires": {
            "pseudomap": "^1.0.2",
            "yallist": "^2.1.2"
          }
        }
      }
    },
    "sprintf-js": {
      "version": "1.0.3"
    },
    "strip-bom": {
      "version": "3.0.0"
    },
    "supports-color": {
      "version": "5.5.0",
      "requires": {
        "has-flag": "^3.0.0"
      }
    },
    "to-readable-stream": {
      "version": "1.0.0"
    },
    "to-regex-range": {
      "version": "5.0.1",
      "requires": {
        "is-number": "^7.0.0"
      }
    },
    "turbo": {
      "version": "1.6.3",
      "resolved": "https://registry.npmjs.org/turbo/-/turbo-1.6.3.tgz",
      "integrity": "sha512-FtfhJLmEEtHveGxW4Ye/QuY85AnZ2ZNVgkTBswoap7UMHB1+oI4diHPNyqrQLG4K1UFtCkjOlVoLsllUh/9QRw==",
      "dev": true,
      "requires": {
        "turbo-darwin-64": "1.6.3",
        "turbo-darwin-arm64": "1.6.3",
        "turbo-linux-64": "1.6.3",
        "turbo-linux-arm64": "1.6.3",
        "turbo-windows-64": "1.6.3",
        "turbo-windows-arm64": "1.6.3"
      }
    },
    "turbo-darwin-64": {
      "version": "1.6.3",
      "resolved": "https://registry.npmjs.org/turbo-darwin-64/-/turbo-darwin-64-1.6.3.tgz",
      "integrity": "sha512-QmDIX0Yh1wYQl0bUS0gGWwNxpJwrzZU2GIAYt3aOKoirWA2ecnyb3R6ludcS1znfNV2MfunP+l8E3ncxUHwtjA==",
      "dev": true,
      "optional": true
    },
    "turbo-darwin-arm64": {
      "version": "1.6.3",
      "resolved": "https://registry.npmjs.org/turbo-darwin-arm64/-/turbo-darwin-arm64-1.6.3.tgz",
      "integrity": "sha512-75DXhFpwE7CinBbtxTxH08EcWrxYSPFow3NaeFwsG8aymkWXF+U2aukYHJA6I12n9/dGqf7yRXzkF0S/9UtdyQ==",
      "dev": true,
      "optional": true
    },
    "turbo-linux-64": {
      "version": "1.6.3",
      "resolved": "https://registry.npmjs.org/turbo-linux-64/-/turbo-linux-64-1.6.3.tgz",
      "integrity": "sha512-O9uc6J0yoRPWdPg9THRQi69K6E2iZ98cRHNvus05lZbcPzZTxJYkYGb5iagCmCW/pq6fL4T4oLWAd6evg2LGQA==",
      "dev": true,
      "optional": true
    },
    "turbo-linux-arm64": {
      "version": "1.6.3",
      "resolved": "https://registry.npmjs.org/turbo-linux-arm64/-/turbo-linux-arm64-1.6.3.tgz",
      "integrity": "sha512-dCy667qqEtZIhulsRTe8hhWQNCJO0i20uHXv7KjLHuFZGCeMbWxB8rsneRoY+blf8+QNqGuXQJxak7ayjHLxiA==",
      "dev": true,
      "optional": true
    },
    "turbo-windows-64": {
      "version": "1.6.3",
      "resolved": "https://registry.npmjs.org/turbo-windows-64/-/turbo-windows-64-1.6.3.tgz",
      "integrity": "sha512-lKRqwL3mrVF09b9KySSaOwetehmGknV9EcQTF7d2dxngGYYX1WXoQLjFP9YYH8ZV07oPm+RUOAKSCQuDuMNhiA==",
      "dev": true,
      "optional": true
    },
    "turbo-windows-arm64": {
      "version": "1.6.3",
      "resolved": "https://registry.npmjs.org/turbo-windows-arm64/-/turbo-windows-arm64-1.6.3.tgz",
      "integrity": "sha512-BXY1sDPEA1DgPwuENvDCD8B7Hb0toscjus941WpL8CVd10hg9pk/MWn9CNgwDO5Q9ks0mw+liDv2EMnleEjeNA==",
      "dev": true,
      "optional": true
    },
    "universalify": {
      "version": "0.1.2"
    },
    "url-parse-lax": {
      "version": "3.0.0",
      "requires": {
        "prepend-http": "^2.0.0"
      }
    },
    "validate-npm-package-name": {
      "version": "3.0.0",
      "requires": {
        "builtins": "^1.0.3"
      }
    },
    "which": {
      "version": "1.3.1",
      "requires": {
        "isexe": "^2.0.0"
      }
    },
    "wrappy": {
      "version": "1.0.2"
    },
    "yallist": {
      "version": "2.1.2"
    }
  }
}
